{
  "name": "smartcook",
  "lockfileVersion": 3,
  "requires": true,
  "packages": {
    "": {
      "dependencies": {
        "smartcook-sdk": "^2.1.1"
      }
    },
    "node_modules/smartcook-sdk": {
      "version": "2.1.1",
      "resolved": "https://registry.npmjs.org/smartcook-sdk/-/smartcook-sdk-2.1.1.tgz",
      "integrity": "sha512-SMeF2DiZ83sjPlpRYbxG7d57HRR/5Qatel8SskiVomAYwXSMZnfG8QpqFNN0XIHB+1X4+ZmlV1DJM/1YM3Jb8Q=="
    }
  }
}
